
Microsoft Visual Studio Solution File, Format Version 12.00
# Visual Studio Version 17
VisualStudioVersion = 17.8.34316.72
MinimumVisualStudioVersion = 10.0.40219.1
Project("{9A19103F-16F7-4668-BE54-9A1E7A4F7556}") = "ModStudioWinForms", "ModStudioWinForms\ModStudioWinForms.csproj", "{2C82F92F-D8DA-4C77-830F-AF3C25575609}"
EndProject
Project("{9A19103F-16F7-4668-BE54-9A1E7A4F7556}") = "ModStudioTesting", "ModStudioTesting\ModStudioTesting.csproj", "{CEEABA49-AEFE-4792-BD82-E72607109A59}"
EndProject
Project("{9A19103F-16F7-4668-BE54-9A1E7A4F7556}") = "ModStudioLogic", "ModStudioLogic\ModStudioLogic.csproj", "{BD48AD81-27D6-48F9-91D6-5165D6AF0F53}"
EndProject
Project("{9A19103F-16F7-4668-BE54-9A1E7A4F7556}") = "CelesteModStudioGUI", "CelesteModStudioGUI\CelesteModStudioGUI.csproj", "{0EF0E3F6-D976-4B0A-98D9-731139B72360}"
EndProject
Project("{2150E333-8FDC-42A3-9474-1A3956D46DE8}") = "Testing", "Testing", "{973A5BBD-F420-4475-8914-9F1D2141B721}"
EndProject
Global
	GlobalSection(SolutionConfigurationPlatforms) = preSolution
		Debug|Any CPU = Debug|Any CPU
		Release|Any CPU = Release|Any CPU
	EndGlobalSection
	GlobalSection(ProjectConfigurationPlatforms) = postSolution
		{2C82F92F-D8DA-4C77-830F-AF3C25575609}.Debug|Any CPU.ActiveCfg = Debug|Any CPU
		{2C82F92F-D8DA-4C77-830F-AF3C25575609}.Debug|Any CPU.Build.0 = Debug|Any CPU
		{2C82F92F-D8DA-4C77-830F-AF3C25575609}.Release|Any CPU.ActiveCfg = Release|Any CPU
		{2C82F92F-D8DA-4C77-830F-AF3C25575609}.Release|Any CPU.Build.0 = Release|Any CPU
		{CEEABA49-AEFE-4792-BD82-E72607109A59}.Debug|Any CPU.ActiveCfg = Debug|Any CPU
		{CEEABA49-AEFE-4792-BD82-E72607109A59}.Debug|Any CPU.Build.0 = Debug|Any CPU
		{CEEABA49-AEFE-4792-BD82-E72607109A59}.Release|Any CPU.ActiveCfg = Release|Any CPU
		{CEEABA49-AEFE-4792-BD82-E72607109A59}.Release|Any CPU.Build.0 = Release|Any CPU
		{BD48AD81-27D6-48F9-91D6-5165D6AF0F53}.Debug|Any CPU.ActiveCfg = Debug|Any CPU
		{BD48AD81-27D6-48F9-91D6-5165D6AF0F53}.Debug|Any CPU.Build.0 = Debug|Any CPU
		{BD48AD81-27D6-48F9-91D6-5165D6AF0F53}.Release|Any CPU.ActiveCfg = Release|Any CPU
		{BD48AD81-27D6-48F9-91D6-5165D6AF0F53}.Release|Any CPU.Build.0 = Release|Any CPU
		{0EF0E3F6-D976-4B0A-98D9-731139B72360}.Debug|Any CPU.ActiveCfg = Debug|Any CPU
		{0EF0E3F6-D976-4B0A-98D9-731139B72360}.Debug|Any CPU.Build.0 = Debug|Any CPU
		{0EF0E3F6-D976-4B0A-98D9-731139B72360}.Release|Any CPU.ActiveCfg = Release|Any CPU
		{0EF0E3F6-D976-4B0A-98D9-731139B72360}.Release|Any CPU.Build.0 = Release|Any CPU
	EndGlobalSection
	GlobalSection(SolutionProperties) = preSolution
		HideSolutionNode = FALSE
	EndGlobalSection
	GlobalSection(NestedProjects) = preSolution
		{CEEABA49-AEFE-4792-BD82-E72607109A59} = {973A5BBD-F420-4475-8914-9F1D2141B721}
	EndGlobalSection
	GlobalSection(ExtensibilityGlobals) = postSolution
		SolutionGuid = {9F80BC64-3C3C-4EE5-AF7E-7C06C4869449}
	EndGlobalSection
EndGlobal
