
Microsoft Visual Studio Solution File, Format Version 12.00
# Visual Studio Version 17
VisualStudioVersion = 17.8.34316.72
MinimumVisualStudioVersion = 10.0.40219.1
Project("{9A19103F-16F7-4668-BE54-9A1E7A4F7556}") = "ModStudioLogic", "src\ModStudioLogic\ModStudioLogic.csproj", "{F58A8858-504F-4467-A1A7-279A4FBC9303}"
EndProject
Project("{9A19103F-16F7-4668-BE54-9A1E7A4F7556}") = "NewProjectGUI", "src\NewProjectGUI\NewProjectGUI.csproj", "{45C00B5D-2F86-4278-BB6A-3BF4D4516C10}"
EndProject
Project("{9A19103F-16F7-4668-BE54-9A1E7A4F7556}") = "CelesteModStudioGUI", "src\CelesteModStudioGUI\CelesteModStudioGUI.csproj", "{0D333BE5-B386-4B8E-AA33-5CCCA4DC7CA3}"
EndProject
Project("{9A19103F-16F7-4668-BE54-9A1E7A4F7556}") = "ModStudioTesting", "tests\ModStudioTesting\ModStudioTesting.csproj", "{1C26AEFC-441C-405B-A4FD-CB5737520ADE}"
EndProject
Project("{9A19103F-16F7-4668-BE54-9A1E7A4F7556}") = "FormsTesting", "tests\FormsTesting\FormsTesting.csproj", "{4DDB5081-922A-4C11-AE74-671842BD258B}"
EndProject
Project("{2150E333-8FDC-42A3-9474-1A3956D46DE8}") = "Tests", "Tests", "{C58696A8-9140-48DA-B87D-6F66F30F5C79}"
EndProject
Project("{2150E333-8FDC-42A3-9474-1A3956D46DE8}") = "ModStudioGUI", "ModStudioGUI", "{F1022788-980C-4146-91E4-DA49C8A25CCE}"
EndProject
Global
	GlobalSection(SolutionConfigurationPlatforms) = preSolution
		Debug|Any CPU = Debug|Any CPU
		Release|Any CPU = Release|Any CPU
	EndGlobalSection
	GlobalSection(ProjectConfigurationPlatforms) = postSolution
		{F58A8858-504F-4467-A1A7-279A4FBC9303}.Debug|Any CPU.ActiveCfg = Debug|Any CPU
		{F58A8858-504F-4467-A1A7-279A4FBC9303}.Debug|Any CPU.Build.0 = Debug|Any CPU
		{F58A8858-504F-4467-A1A7-279A4FBC9303}.Release|Any CPU.ActiveCfg = Release|Any CPU
		{F58A8858-504F-4467-A1A7-279A4FBC9303}.Release|Any CPU.Build.0 = Release|Any CPU
		{45C00B5D-2F86-4278-BB6A-3BF4D4516C10}.Debug|Any CPU.ActiveCfg = Debug|Any CPU
		{45C00B5D-2F86-4278-BB6A-3BF4D4516C10}.Debug|Any CPU.Build.0 = Debug|Any CPU
		{45C00B5D-2F86-4278-BB6A-3BF4D4516C10}.Release|Any CPU.ActiveCfg = Release|Any CPU
		{45C00B5D-2F86-4278-BB6A-3BF4D4516C10}.Release|Any CPU.Build.0 = Release|Any CPU
		{0D333BE5-B386-4B8E-AA33-5CCCA4DC7CA3}.Debug|Any CPU.ActiveCfg = Debug|Any CPU
		{0D333BE5-B386-4B8E-AA33-5CCCA4DC7CA3}.Debug|Any CPU.Build.0 = Debug|Any CPU
		{0D333BE5-B386-4B8E-AA33-5CCCA4DC7CA3}.Release|Any CPU.ActiveCfg = Release|Any CPU
		{0D333BE5-B386-4B8E-AA33-5CCCA4DC7CA3}.Release|Any CPU.Build.0 = Release|Any CPU
		{1C26AEFC-441C-405B-A4FD-CB5737520ADE}.Debug|Any CPU.ActiveCfg = Debug|Any CPU
		{1C26AEFC-441C-405B-A4FD-CB5737520ADE}.Debug|Any CPU.Build.0 = Debug|Any CPU
		{1C26AEFC-441C-405B-A4FD-CB5737520ADE}.Release|Any CPU.ActiveCfg = Release|Any CPU
		{1C26AEFC-441C-405B-A4FD-CB5737520ADE}.Release|Any CPU.Build.0 = Release|Any CPU
		{4DDB5081-922A-4C11-AE74-671842BD258B}.Debug|Any CPU.ActiveCfg = Debug|Any CPU
		{4DDB5081-922A-4C11-AE74-671842BD258B}.Debug|Any CPU.Build.0 = Debug|Any CPU
		{4DDB5081-922A-4C11-AE74-671842BD258B}.Release|Any CPU.ActiveCfg = Release|Any CPU
		{4DDB5081-922A-4C11-AE74-671842BD258B}.Release|Any CPU.Build.0 = Release|Any CPU
	EndGlobalSection
	GlobalSection(SolutionProperties) = preSolution
		HideSolutionNode = FALSE
	EndGlobalSection
	GlobalSection(NestedProjects) = preSolution
		{45C00B5D-2F86-4278-BB6A-3BF4D4516C10} = {F1022788-980C-4146-91E4-DA49C8A25CCE}
		{0D333BE5-B386-4B8E-AA33-5CCCA4DC7CA3} = {F1022788-980C-4146-91E4-DA49C8A25CCE}
		{1C26AEFC-441C-405B-A4FD-CB5737520ADE} = {C58696A8-9140-48DA-B87D-6F66F30F5C79}
		{4DDB5081-922A-4C11-AE74-671842BD258B} = {C58696A8-9140-48DA-B87D-6F66F30F5C79}
	EndGlobalSection
	GlobalSection(ExtensibilityGlobals) = postSolution
		SolutionGuid = {9F80BC64-3C3C-4EE5-AF7E-7C06C4869449}
	EndGlobalSection
EndGlobal
