
Microsoft Visual Studio Solution File, Format Version 12.00
# Visual Studio Version 17
VisualStudioVersion = 17.8.34316.72
MinimumVisualStudioVersion = 10.0.40219.1
Project("{9A19103F-16F7-4668-BE54-9A1E7A4F7556}") = "ModStudioLogic", "modstudiologic\ModStudioLogic.csproj", "{E4FE9F28-EFBB-49F3-AF31-1B01969968A4}"
EndProject
Project("{9A19103F-16F7-4668-BE54-9A1E7A4F7556}") = "ModStudioTesting", "modstudiotesting\ModStudioTesting.csproj", "{1F251D80-C822-43F7-B9F4-E5FA10C4E1BC}"
EndProject
Project("{9A19103F-16F7-4668-BE54-9A1E7A4F7556}") = "ModStudio for Celeste", "modstudioform\ModStudio for Celeste.csproj", "{C3AE4098-DFF6-46FB-9785-7754C031BDDD}"
EndProject
Global
	GlobalSection(SolutionConfigurationPlatforms) = preSolution
		Debug|Any CPU = Debug|Any CPU
		Release|Any CPU = Release|Any CPU
	EndGlobalSection
	GlobalSection(ProjectConfigurationPlatforms) = postSolution
		{E4FE9F28-EFBB-49F3-AF31-1B01969968A4}.Debug|Any CPU.ActiveCfg = Debug|Any CPU
		{E4FE9F28-EFBB-49F3-AF31-1B01969968A4}.Debug|Any CPU.Build.0 = Debug|Any CPU
		{E4FE9F28-EFBB-49F3-AF31-1B01969968A4}.Release|Any CPU.ActiveCfg = Release|Any CPU
		{E4FE9F28-EFBB-49F3-AF31-1B01969968A4}.Release|Any CPU.Build.0 = Release|Any CPU
		{1F251D80-C822-43F7-B9F4-E5FA10C4E1BC}.Debug|Any CPU.ActiveCfg = Debug|Any CPU
		{1F251D80-C822-43F7-B9F4-E5FA10C4E1BC}.Debug|Any CPU.Build.0 = Debug|Any CPU
		{1F251D80-C822-43F7-B9F4-E5FA10C4E1BC}.Release|Any CPU.ActiveCfg = Release|Any CPU
		{1F251D80-C822-43F7-B9F4-E5FA10C4E1BC}.Release|Any CPU.Build.0 = Release|Any CPU
		{C3AE4098-DFF6-46FB-9785-7754C031BDDD}.Debug|Any CPU.ActiveCfg = Debug|Any CPU
		{C3AE4098-DFF6-46FB-9785-7754C031BDDD}.Debug|Any CPU.Build.0 = Debug|Any CPU
		{C3AE4098-DFF6-46FB-9785-7754C031BDDD}.Release|Any CPU.ActiveCfg = Release|Any CPU
		{C3AE4098-DFF6-46FB-9785-7754C031BDDD}.Release|Any CPU.Build.0 = Release|Any CPU
	EndGlobalSection
	GlobalSection(SolutionProperties) = preSolution
		HideSolutionNode = FALSE
	EndGlobalSection
	GlobalSection(ExtensibilityGlobals) = postSolution
		SolutionGuid = {9F80BC64-3C3C-4EE5-AF7E-7C06C4869449}
	EndGlobalSection
EndGlobal
