
Microsoft Visual Studio Solution File, Format Version 12.00
# Visual Studio Version 17
VisualStudioVersion = 17.8.34316.72
MinimumVisualStudioVersion = 10.0.40219.1
Project("{9A19103F-16F7-4668-BE54-9A1E7A4F7556}") = "ModStudio for Celeste", "ModStudio for Celeste\ModStudio for Celeste.csproj", "{0812DBC6-5ED0-43C2-81F1-65D3D8ED95C2}"
EndProject
Project("{9A19103F-16F7-4668-BE54-9A1E7A4F7556}") = "ModStudioLogic", "ModStudio Logic\ModStudioLogic.csproj", "{F6484335-6577-476A-9489-6C19E8668331}"
EndProject
Project("{9A19103F-16F7-4668-BE54-9A1E7A4F7556}") = "ModStudioTesting", "ModStudioTesting\ModStudioTesting.csproj", "{6AB9F3E9-0C32-45C1-AC08-F3C78E2A493F}"
EndProject
Global
	GlobalSection(SolutionConfigurationPlatforms) = preSolution
		Debug|Any CPU = Debug|Any CPU
		Release|Any CPU = Release|Any CPU
	EndGlobalSection
	GlobalSection(ProjectConfigurationPlatforms) = postSolution
		{0812DBC6-5ED0-43C2-81F1-65D3D8ED95C2}.Debug|Any CPU.ActiveCfg = Debug|Any CPU
		{0812DBC6-5ED0-43C2-81F1-65D3D8ED95C2}.Debug|Any CPU.Build.0 = Debug|Any CPU
		{0812DBC6-5ED0-43C2-81F1-65D3D8ED95C2}.Release|Any CPU.ActiveCfg = Release|Any CPU
		{0812DBC6-5ED0-43C2-81F1-65D3D8ED95C2}.Release|Any CPU.Build.0 = Release|Any CPU
		{F6484335-6577-476A-9489-6C19E8668331}.Debug|Any CPU.ActiveCfg = Debug|Any CPU
		{F6484335-6577-476A-9489-6C19E8668331}.Debug|Any CPU.Build.0 = Debug|Any CPU
		{F6484335-6577-476A-9489-6C19E8668331}.Release|Any CPU.ActiveCfg = Release|Any CPU
		{F6484335-6577-476A-9489-6C19E8668331}.Release|Any CPU.Build.0 = Release|Any CPU
		{6AB9F3E9-0C32-45C1-AC08-F3C78E2A493F}.Debug|Any CPU.ActiveCfg = Debug|Any CPU
		{6AB9F3E9-0C32-45C1-AC08-F3C78E2A493F}.Debug|Any CPU.Build.0 = Debug|Any CPU
		{6AB9F3E9-0C32-45C1-AC08-F3C78E2A493F}.Release|Any CPU.ActiveCfg = Release|Any CPU
		{6AB9F3E9-0C32-45C1-AC08-F3C78E2A493F}.Release|Any CPU.Build.0 = Release|Any CPU
	EndGlobalSection
	GlobalSection(SolutionProperties) = preSolution
		HideSolutionNode = FALSE
	EndGlobalSection
	GlobalSection(ExtensibilityGlobals) = postSolution
		SolutionGuid = {9F80BC64-3C3C-4EE5-AF7E-7C06C4869449}
	EndGlobalSection
EndGlobal
